
Microsoft Visual Studio Solution File, Format Version 12.00
# Visual Studio Version 17
VisualStudioVersion = 17.0.31903.59
MinimumVisualStudioVersion = 10.0.40219.1
Project("{FAE04EC0-301F-11D3-BF4B-00C04F79EFBC}") = "Nethermind.KZGCeremony", "Nethermind.KZGCeremony\Nethermind.KZGCeremony.csproj", "{E5C91A9F-6374-4825-B4AF-940EAF9B6CF8}"
EndProject
Project("{FAE04EC0-301F-11D3-BF4B-00C04F79EFBC}") = "Nethermind.Core", "Nethermind.Core\Nethermind.Core.csproj", "{BC8F355A-DD13-415E-8B36-76E5F66AA686}"
EndProject
Project("{FAE04EC0-301F-11D3-BF4B-00C04F79EFBC}") = "Nethermind.Crypto", "Nethermind.Crypto\Nethermind.Crypto.csproj", "{5888CB78-5F21-4531-B34C-784485A1E6DF}"
EndProject
Project("{FAE04EC0-301F-11D3-BF4B-00C04F79EFBC}") = "Nethermind.Logging", "Nethermind.Logging\Nethermind.Logging.csproj", "{50096BF7-3B08-4519-B4A7-8E2A5E1E17DA}"
EndProject
Project("{FAE04EC0-301F-11D3-BF4B-00C04F79EFBC}") = "Nethermind.Native", "Nethermind.Native\Nethermind.Native.csproj", "{7C4F90B7-8F6B-4DF0-917A-68ABC0733677}"
EndProject
Project("{FAE04EC0-301F-11D3-BF4B-00C04F79EFBC}") = "Nethermind.Secp256k1", "Nethermind.Secp256k1\Nethermind.Secp256k1.csproj", "{7526C51B-1FFD-4553-896E-48D2AB8B6496}"
EndProject
Project("{FAE04EC0-301F-11D3-BF4B-00C04F79EFBC}") = "Nethermind.Serialization.Rlp", "Nethermind.Serialization.Rlp\Nethermind.Serialization.Rlp.csproj", "{F68FDC4A-C507-4928-B88C-4CC97C31700C}"
EndProject
Project("{FAE04EC0-301F-11D3-BF4B-00C04F79EFBC}") = "Nethermind.Evm", "Nethermind.Evm\Nethermind.Evm.csproj", "{11CDE502-37D2-4778-8CB1-8398648744F9}"
EndProject
Project("{FAE04EC0-301F-11D3-BF4B-00C04F79EFBC}") = "Nethermind.Specs", "Nethermind.Specs\Nethermind.Specs.csproj", "{11F4EF63-8027-4376-A8FE-83E1942C830C}"
EndProject
Project("{FAE04EC0-301F-11D3-BF4B-00C04F79EFBC}") = "Nethermind.Config", "Nethermind.Config\Nethermind.Config.csproj", "{A32B520D-FCD4-4010-832D-3D0AA1040179}"
EndProject
Project("{FAE04EC0-301F-11D3-BF4B-00C04F79EFBC}") = "Nethermind.Serialization.Json", "Nethermind.Serialization.Json\Nethermind.Serialization.Json.csproj", "{2695020D-E881-4CC3-B4A5-F2E7C130C874}"
EndProject
Project("{FAE04EC0-301F-11D3-BF4B-00C04F79EFBC}") = "Nethermind.State", "Nethermind.State\Nethermind.State.csproj", "{67D6A3F4-3F6C-4E38-8BBA-843ABAF11665}"
EndProject
Project("{FAE04EC0-301F-11D3-BF4B-00C04F79EFBC}") = "Nethermind.Trie", "Nethermind.Trie\Nethermind.Trie.csproj", "{5AC3C7A6-009C-4E18-B217-8711D1734721}"
EndProject
Project("{FAE04EC0-301F-11D3-BF4B-00C04F79EFBC}") = "Nethermind.KZGCeremonyTest", "Nethermind.KZGCeremonyTest\Nethermind.KZGCeremonyTest.csproj", "{C31B523E-B9F6-44BE-BB07-5DF104393380}"
EndProject
Project("{2150E333-8FDC-42A3-9474-1A3956D46DE8}") = "Nethermind.KZGCeremonyTest", "Nethermind.KZGCeremonyTest", "{CA2E3EFC-E13E-4D83-B0D5-44F15D266FC3}"
EndProject
Project("{FAE04EC0-301F-11D3-BF4B-00C04F79EFBC}") = "BlsOperationTest", "Nethermind.KZGCeremonyTest\BlsOperationTest\BlsOperationTest.csproj", "{CABDC228-E4AD-4BE2-AB86-56DB815E5734}"
EndProject
Project("{FAE04EC0-301F-11D3-BF4B-00C04F79EFBC}") = "ContributionJsonTest", "Nethermind.KZGCeremonyTest\ContributionJsonTest\ContributionJsonTest.csproj", "{CA60832D-D0CA-40EA-9F78-9E3B366A1A86}"
EndProject
Project("{FAE04EC0-301F-11D3-BF4B-00C04F79EFBC}") = "GroupElement", "Nethermind.KZGCeremonyTest\GroupElement\GroupElement.csproj", "{6BAA8AE6-30AB-4871-A6C4-CEF78B86E601}"
EndProject
Global
	GlobalSection(SolutionConfigurationPlatforms) = preSolution
		Debug|Any CPU = Debug|Any CPU
		Release|Any CPU = Release|Any CPU
	EndGlobalSection
	GlobalSection(SolutionProperties) = preSolution
		HideSolutionNode = FALSE
	EndGlobalSection
	GlobalSection(ProjectConfigurationPlatforms) = postSolution
		{E5C91A9F-6374-4825-B4AF-940EAF9B6CF8}.Debug|Any CPU.ActiveCfg = Debug|Any CPU
		{E5C91A9F-6374-4825-B4AF-940EAF9B6CF8}.Debug|Any CPU.Build.0 = Debug|Any CPU
		{E5C91A9F-6374-4825-B4AF-940EAF9B6CF8}.Release|Any CPU.ActiveCfg = Release|Any CPU
		{E5C91A9F-6374-4825-B4AF-940EAF9B6CF8}.Release|Any CPU.Build.0 = Release|Any CPU
		{BC8F355A-DD13-415E-8B36-76E5F66AA686}.Debug|Any CPU.ActiveCfg = Debug|Any CPU
		{BC8F355A-DD13-415E-8B36-76E5F66AA686}.Debug|Any CPU.Build.0 = Debug|Any CPU
		{BC8F355A-DD13-415E-8B36-76E5F66AA686}.Release|Any CPU.ActiveCfg = Release|Any CPU
		{BC8F355A-DD13-415E-8B36-76E5F66AA686}.Release|Any CPU.Build.0 = Release|Any CPU
		{5888CB78-5F21-4531-B34C-784485A1E6DF}.Debug|Any CPU.ActiveCfg = Debug|Any CPU
		{5888CB78-5F21-4531-B34C-784485A1E6DF}.Debug|Any CPU.Build.0 = Debug|Any CPU
		{5888CB78-5F21-4531-B34C-784485A1E6DF}.Release|Any CPU.ActiveCfg = Release|Any CPU
		{5888CB78-5F21-4531-B34C-784485A1E6DF}.Release|Any CPU.Build.0 = Release|Any CPU
		{50096BF7-3B08-4519-B4A7-8E2A5E1E17DA}.Debug|Any CPU.ActiveCfg = Debug|Any CPU
		{50096BF7-3B08-4519-B4A7-8E2A5E1E17DA}.Debug|Any CPU.Build.0 = Debug|Any CPU
		{50096BF7-3B08-4519-B4A7-8E2A5E1E17DA}.Release|Any CPU.ActiveCfg = Release|Any CPU
		{50096BF7-3B08-4519-B4A7-8E2A5E1E17DA}.Release|Any CPU.Build.0 = Release|Any CPU
		{7C4F90B7-8F6B-4DF0-917A-68ABC0733677}.Debug|Any CPU.ActiveCfg = Debug|Any CPU
		{7C4F90B7-8F6B-4DF0-917A-68ABC0733677}.Debug|Any CPU.Build.0 = Debug|Any CPU
		{7C4F90B7-8F6B-4DF0-917A-68ABC0733677}.Release|Any CPU.ActiveCfg = Release|Any CPU
		{7C4F90B7-8F6B-4DF0-917A-68ABC0733677}.Release|Any CPU.Build.0 = Release|Any CPU
		{7526C51B-1FFD-4553-896E-48D2AB8B6496}.Debug|Any CPU.ActiveCfg = Debug|Any CPU
		{7526C51B-1FFD-4553-896E-48D2AB8B6496}.Debug|Any CPU.Build.0 = Debug|Any CPU
		{7526C51B-1FFD-4553-896E-48D2AB8B6496}.Release|Any CPU.ActiveCfg = Release|Any CPU
		{7526C51B-1FFD-4553-896E-48D2AB8B6496}.Release|Any CPU.Build.0 = Release|Any CPU
		{F68FDC4A-C507-4928-B88C-4CC97C31700C}.Debug|Any CPU.ActiveCfg = Debug|Any CPU
		{F68FDC4A-C507-4928-B88C-4CC97C31700C}.Debug|Any CPU.Build.0 = Debug|Any CPU
		{F68FDC4A-C507-4928-B88C-4CC97C31700C}.Release|Any CPU.ActiveCfg = Release|Any CPU
		{F68FDC4A-C507-4928-B88C-4CC97C31700C}.Release|Any CPU.Build.0 = Release|Any CPU
		{11CDE502-37D2-4778-8CB1-8398648744F9}.Debug|Any CPU.ActiveCfg = Debug|Any CPU
		{11CDE502-37D2-4778-8CB1-8398648744F9}.Debug|Any CPU.Build.0 = Debug|Any CPU
		{11CDE502-37D2-4778-8CB1-8398648744F9}.Release|Any CPU.ActiveCfg = Release|Any CPU
		{11CDE502-37D2-4778-8CB1-8398648744F9}.Release|Any CPU.Build.0 = Release|Any CPU
		{11F4EF63-8027-4376-A8FE-83E1942C830C}.Debug|Any CPU.ActiveCfg = Debug|Any CPU
		{11F4EF63-8027-4376-A8FE-83E1942C830C}.Debug|Any CPU.Build.0 = Debug|Any CPU
		{11F4EF63-8027-4376-A8FE-83E1942C830C}.Release|Any CPU.ActiveCfg = Release|Any CPU
		{11F4EF63-8027-4376-A8FE-83E1942C830C}.Release|Any CPU.Build.0 = Release|Any CPU
		{A32B520D-FCD4-4010-832D-3D0AA1040179}.Debug|Any CPU.ActiveCfg = Debug|Any CPU
		{A32B520D-FCD4-4010-832D-3D0AA1040179}.Debug|Any CPU.Build.0 = Debug|Any CPU
		{A32B520D-FCD4-4010-832D-3D0AA1040179}.Release|Any CPU.ActiveCfg = Release|Any CPU
		{A32B520D-FCD4-4010-832D-3D0AA1040179}.Release|Any CPU.Build.0 = Release|Any CPU
		{2695020D-E881-4CC3-B4A5-F2E7C130C874}.Debug|Any CPU.ActiveCfg = Debug|Any CPU
		{2695020D-E881-4CC3-B4A5-F2E7C130C874}.Debug|Any CPU.Build.0 = Debug|Any CPU
		{2695020D-E881-4CC3-B4A5-F2E7C130C874}.Release|Any CPU.ActiveCfg = Release|Any CPU
		{2695020D-E881-4CC3-B4A5-F2E7C130C874}.Release|Any CPU.Build.0 = Release|Any CPU
		{67D6A3F4-3F6C-4E38-8BBA-843ABAF11665}.Debug|Any CPU.ActiveCfg = Debug|Any CPU
		{67D6A3F4-3F6C-4E38-8BBA-843ABAF11665}.Debug|Any CPU.Build.0 = Debug|Any CPU
		{67D6A3F4-3F6C-4E38-8BBA-843ABAF11665}.Release|Any CPU.ActiveCfg = Release|Any CPU
		{67D6A3F4-3F6C-4E38-8BBA-843ABAF11665}.Release|Any CPU.Build.0 = Release|Any CPU
		{5AC3C7A6-009C-4E18-B217-8711D1734721}.Debug|Any CPU.ActiveCfg = Debug|Any CPU
		{5AC3C7A6-009C-4E18-B217-8711D1734721}.Debug|Any CPU.Build.0 = Debug|Any CPU
		{5AC3C7A6-009C-4E18-B217-8711D1734721}.Release|Any CPU.ActiveCfg = Release|Any CPU
		{5AC3C7A6-009C-4E18-B217-8711D1734721}.Release|Any CPU.Build.0 = Release|Any CPU
		{C31B523E-B9F6-44BE-BB07-5DF104393380}.Debug|Any CPU.ActiveCfg = Debug|Any CPU
		{C31B523E-B9F6-44BE-BB07-5DF104393380}.Debug|Any CPU.Build.0 = Debug|Any CPU
		{C31B523E-B9F6-44BE-BB07-5DF104393380}.Release|Any CPU.ActiveCfg = Release|Any CPU
		{C31B523E-B9F6-44BE-BB07-5DF104393380}.Release|Any CPU.Build.0 = Release|Any CPU
		{CABDC228-E4AD-4BE2-AB86-56DB815E5734}.Debug|Any CPU.ActiveCfg = Debug|Any CPU
		{CABDC228-E4AD-4BE2-AB86-56DB815E5734}.Debug|Any CPU.Build.0 = Debug|Any CPU
		{CABDC228-E4AD-4BE2-AB86-56DB815E5734}.Release|Any CPU.ActiveCfg = Release|Any CPU
		{CABDC228-E4AD-4BE2-AB86-56DB815E5734}.Release|Any CPU.Build.0 = Release|Any CPU
		{CA60832D-D0CA-40EA-9F78-9E3B366A1A86}.Debug|Any CPU.ActiveCfg = Debug|Any CPU
		{CA60832D-D0CA-40EA-9F78-9E3B366A1A86}.Debug|Any CPU.Build.0 = Debug|Any CPU
		{CA60832D-D0CA-40EA-9F78-9E3B366A1A86}.Release|Any CPU.ActiveCfg = Release|Any CPU
		{CA60832D-D0CA-40EA-9F78-9E3B366A1A86}.Release|Any CPU.Build.0 = Release|Any CPU
		{6BAA8AE6-30AB-4871-A6C4-CEF78B86E601}.Debug|Any CPU.ActiveCfg = Debug|Any CPU
		{6BAA8AE6-30AB-4871-A6C4-CEF78B86E601}.Debug|Any CPU.Build.0 = Debug|Any CPU
		{6BAA8AE6-30AB-4871-A6C4-CEF78B86E601}.Release|Any CPU.ActiveCfg = Release|Any CPU
		{6BAA8AE6-30AB-4871-A6C4-CEF78B86E601}.Release|Any CPU.Build.0 = Release|Any CPU
	EndGlobalSection
	GlobalSection(NestedProjects) = preSolution
		{CABDC228-E4AD-4BE2-AB86-56DB815E5734} = {CA2E3EFC-E13E-4D83-B0D5-44F15D266FC3}
		{CA60832D-D0CA-40EA-9F78-9E3B366A1A86} = {CA2E3EFC-E13E-4D83-B0D5-44F15D266FC3}
		{6BAA8AE6-30AB-4871-A6C4-CEF78B86E601} = {CA2E3EFC-E13E-4D83-B0D5-44F15D266FC3}
	EndGlobalSection
EndGlobal
